
Microsoft Visual Studio Solution File, Format Version 12.00
# Visual Studio Version 16
VisualStudioVersion = 16.0.30907.101
MinimumVisualStudioVersion = 10.0.40219.1
Project("{FAE04EC0-301F-11D3-BF4B-00C04F79EFBC}") = "Game_Project_1", "Game_Project_1\Game_Project_1.csproj", "{D450DAA7-BE67-4ABB-95BF-EBFC5BAE3FCD}"
EndProject
Global
	GlobalSection(SolutionConfigurationPlatforms) = preSolution
		Debug|Any CPU = Debug|Any CPU
		Release|Any CPU = Release|Any CPU
	EndGlobalSection
	GlobalSection(ProjectConfigurationPlatforms) = postSolution
		{D450DAA7-BE67-4ABB-95BF-EBFC5BAE3FCD}.Debug|Any CPU.ActiveCfg = Debug|Any CPU
		{D450DAA7-BE67-4ABB-95BF-EBFC5BAE3FCD}.Debug|Any CPU.Build.0 = Debug|Any CPU
		{D450DAA7-BE67-4ABB-95BF-EBFC5BAE3FCD}.Release|Any CPU.ActiveCfg = Release|Any CPU
		{D450DAA7-BE67-4ABB-95BF-EBFC5BAE3FCD}.Release|Any CPU.Build.0 = Release|Any CPU
	EndGlobalSection
	GlobalSection(SolutionProperties) = preSolution
		HideSolutionNode = FALSE
	EndGlobalSection
	GlobalSection(ExtensibilityGlobals) = postSolution
		SolutionGuid = {3B9E6C55-19DC-44EB-A0F5-5796ACB9308C}
	EndGlobalSection
EndGlobal
